
Microsoft Visual Studio Solution File, Format Version 12.00
# Visual Studio 15
VisualStudioVersion = 15.0.28307.136
MinimumVisualStudioVersion = 10.0.40219.1
Project("{9A19103F-16F7-4668-BE54-9A1E7A4F7556}") = "Azro.Core.Services.Api", "Azro.Core.Services.Api\Azro.Core.Services.Api.csproj", "{0051CE52-AF33-45AE-AE0E-BD438CD526A9}"
EndProject
Project("{9A19103F-16F7-4668-BE54-9A1E7A4F7556}") = "Azro.Core.Services.Impl", "Azro.Core.Services.Impl\Azro.Core.Services.Impl.csproj", "{4F9B140B-56EC-484E-8766-64D62E1CAA8F}"
EndProject
Project("{9A19103F-16F7-4668-BE54-9A1E7A4F7556}") = "Azro.Web", "Azro.Web\Azro.Web.csproj", "{579C18EC-EA3A-4AA4-B608-330CBC7D4ABD}"
EndProject
Project("{FAE04EC0-301F-11D3-BF4B-00C04F79EFBC}") = "Azro.Core.Services.Tests", "Azro.Core.Services.Tests\Azro.Core.Services.Tests.csproj", "{2E3DF5C2-8A38-4A03-86D7-8D463C917E47}"
EndProject
Global
	GlobalSection(SolutionConfigurationPlatforms) = preSolution
		Debug|Any CPU = Debug|Any CPU
		Release|Any CPU = Release|Any CPU
	EndGlobalSection
	GlobalSection(ProjectConfigurationPlatforms) = postSolution
		{0051CE52-AF33-45AE-AE0E-BD438CD526A9}.Debug|Any CPU.ActiveCfg = Debug|Any CPU
		{0051CE52-AF33-45AE-AE0E-BD438CD526A9}.Debug|Any CPU.Build.0 = Debug|Any CPU
		{0051CE52-AF33-45AE-AE0E-BD438CD526A9}.Release|Any CPU.ActiveCfg = Release|Any CPU
		{0051CE52-AF33-45AE-AE0E-BD438CD526A9}.Release|Any CPU.Build.0 = Release|Any CPU
		{4F9B140B-56EC-484E-8766-64D62E1CAA8F}.Debug|Any CPU.ActiveCfg = Debug|Any CPU
		{4F9B140B-56EC-484E-8766-64D62E1CAA8F}.Debug|Any CPU.Build.0 = Debug|Any CPU
		{4F9B140B-56EC-484E-8766-64D62E1CAA8F}.Release|Any CPU.ActiveCfg = Release|Any CPU
		{4F9B140B-56EC-484E-8766-64D62E1CAA8F}.Release|Any CPU.Build.0 = Release|Any CPU
		{579C18EC-EA3A-4AA4-B608-330CBC7D4ABD}.Debug|Any CPU.ActiveCfg = Debug|Any CPU
		{579C18EC-EA3A-4AA4-B608-330CBC7D4ABD}.Debug|Any CPU.Build.0 = Debug|Any CPU
		{579C18EC-EA3A-4AA4-B608-330CBC7D4ABD}.Release|Any CPU.ActiveCfg = Release|Any CPU
		{579C18EC-EA3A-4AA4-B608-330CBC7D4ABD}.Release|Any CPU.Build.0 = Release|Any CPU
		{2E3DF5C2-8A38-4A03-86D7-8D463C917E47}.Debug|Any CPU.ActiveCfg = Debug|Any CPU
		{2E3DF5C2-8A38-4A03-86D7-8D463C917E47}.Debug|Any CPU.Build.0 = Debug|Any CPU
		{2E3DF5C2-8A38-4A03-86D7-8D463C917E47}.Release|Any CPU.ActiveCfg = Release|Any CPU
		{2E3DF5C2-8A38-4A03-86D7-8D463C917E47}.Release|Any CPU.Build.0 = Release|Any CPU
	EndGlobalSection
	GlobalSection(SolutionProperties) = preSolution
		HideSolutionNode = FALSE
	EndGlobalSection
	GlobalSection(ExtensibilityGlobals) = postSolution
		SolutionGuid = {FDED3658-0D4A-4157-8722-8BEF74C50094}
	EndGlobalSection
EndGlobal
